
Microsoft Visual Studio Solution File, Format Version 12.00
# Visual Studio Version 16
VisualStudioVersion = 16.0.28917.181
MinimumVisualStudioVersion = 10.0.40219.1
Project("{FAE04EC0-301F-11D3-BF4B-00C04F79EFBC}") = "LabWebFormP212", "LabWebFormP212\LabWebFormP212.csproj", "{A1CFE670-71A2-4D89-854D-71FB497A5F74}"
EndProject
Global
	GlobalSection(SolutionConfigurationPlatforms) = preSolution
		Debug|Any CPU = Debug|Any CPU
		Release|Any CPU = Release|Any CPU
	EndGlobalSection
	GlobalSection(ProjectConfigurationPlatforms) = postSolution
		{A1CFE670-71A2-4D89-854D-71FB497A5F74}.Debug|Any CPU.ActiveCfg = Debug|Any CPU
		{A1CFE670-71A2-4D89-854D-71FB497A5F74}.Debug|Any CPU.Build.0 = Debug|Any CPU
		{A1CFE670-71A2-4D89-854D-71FB497A5F74}.Release|Any CPU.ActiveCfg = Release|Any CPU
		{A1CFE670-71A2-4D89-854D-71FB497A5F74}.Release|Any CPU.Build.0 = Release|Any CPU
	EndGlobalSection
	GlobalSection(SolutionProperties) = preSolution
		HideSolutionNode = FALSE
	EndGlobalSection
	GlobalSection(ExtensibilityGlobals) = postSolution
		SolutionGuid = {BBF56CDC-F41C-4954-80CD-E9E2301E20CF}
	EndGlobalSection
EndGlobal
